// !$*UTF8*$!
{
	archiveVersion = 1;
	classes = {
	};
	objectVersion = 48;
	objects = {

/* Begin PBXBuildFile section */
		66FA7CD76E9661267ADC8E29 /* Pods_MiniInstagram.framework in Frameworks */ = {isa = PBXBuildFile; fileRef = 7C213B93704D32D3BABCE8E2 /* Pods_MiniInstagram.framework */; };
		AD3BBC082F6FC8CFB469CC8E /* Pods_MiniInstagramTests.framework in Frameworks */ = {isa = PBXBuildFile; fileRef = BE4AFD5CA5E4567CA21E70E0 /* Pods_MiniInstagramTests.framework */; };
		D15326FF38DFA8593FE3E1D7 /* Pods_MiniInstagramUITests.framework in Frameworks */ = {isa = PBXBuildFile; fileRef = 6296A9ED94284EFF6386FC53 /* Pods_MiniInstagramUITests.framework */; };
		D70562FD1FE0B6DB0065417C /* AppCoordinator.swift in Sources */ = {isa = PBXBuildFile; fileRef = D70562FC1FE0B6DB0065417C /* AppCoordinator.swift */; };
		D70562FF1FE0B8E90065417C /* LoginLogoutCoordinator.swift in Sources */ = {isa = PBXBuildFile; fileRef = D70562FE1FE0B8E90065417C /* LoginLogoutCoordinator.swift */; };
		D70563021FE0C2D80065417C /* MediaViewController.swift in Sources */ = {isa = PBXBuildFile; fileRef = D70563011FE0C2D80065417C /* MediaViewController.swift */; };
		D70563061FE0C8680065417C /* MediaCoordinator.swift in Sources */ = {isa = PBXBuildFile; fileRef = D70563051FE0C8680065417C /* MediaCoordinator.swift */; };
		D70563081FE0D32A0065417C /* Constants.swift in Sources */ = {isa = PBXBuildFile; fileRef = D70563071FE0D32A0065417C /* Constants.swift */; };
		D705630B1FE1F2FA0065417C /* UIViewControllerHelper.swift in Sources */ = {isa = PBXBuildFile; fileRef = D705630A1FE1F2FA0065417C /* UIViewControllerHelper.swift */; };
		D70563101FE31E490065417C /* Instagram.storyboard in Resources */ = {isa = PBXBuildFile; fileRef = D705630F1FE31E490065417C /* Instagram.storyboard */; };
		D70563121FE320B10065417C /* LikesViewController.swift in Sources */ = {isa = PBXBuildFile; fileRef = D70563111FE320B10065417C /* LikesViewController.swift */; };
		D70563141FE321F60065417C /* InstagramTabBarController.swift in Sources */ = {isa = PBXBuildFile; fileRef = D70563131FE321F60065417C /* InstagramTabBarController.swift */; };
		D70DAE831FE334DD00243783 /* APIProcessor.swift in Sources */ = {isa = PBXBuildFile; fileRef = D70DAE821FE334DD00243783 /* APIProcessor.swift */; };
		D70DAE851FE3787000243783 /* Media.swift in Sources */ = {isa = PBXBuildFile; fileRef = D70DAE841FE3787000243783 /* Media.swift */; };
		D712F3271FE608C80035DF8E /* MediaCell.swift in Sources */ = {isa = PBXBuildFile; fileRef = D712F3261FE608C80035DF8E /* MediaCell.swift */; };
		D712F3291FE60BE10035DF8E /* placeHolder.png in Resources */ = {isa = PBXBuildFile; fileRef = D712F3281FE60BE10035DF8E /* placeHolder.png */; };
		D712F32B1FE62DBE0035DF8E /* AlbumContentsViewController.swift in Sources */ = {isa = PBXBuildFile; fileRef = D712F32A1FE62DBE0035DF8E /* AlbumContentsViewController.swift */; };
		D712F32D1FE639920035DF8E /* ImageHelper.swift in Sources */ = {isa = PBXBuildFile; fileRef = D712F32C1FE639920035DF8E /* ImageHelper.swift */; };
		D7591C921FE6D94F00FDCAA5 /* videoPlaceHolder.png in Resources */ = {isa = PBXBuildFile; fileRef = D7591C911FE6D94E00FDCAA5 /* videoPlaceHolder.png */; };
		D7AE90081FDD4B8F00836C2D /* AppDelegate.swift in Sources */ = {isa = PBXBuildFile; fileRef = D7AE90071FDD4B8F00836C2D /* AppDelegate.swift */; };
		D7AE90101FDD4B8F00836C2D /* MiniInstagram.xcdatamodeld in Sources */ = {isa = PBXBuildFile; fileRef = D7AE900E1FDD4B8F00836C2D /* MiniInstagram.xcdatamodeld */; };
		D7AE90121FDD4B8F00836C2D /* Assets.xcassets in Resources */ = {isa = PBXBuildFile; fileRef = D7AE90111FDD4B8F00836C2D /* Assets.xcassets */; };
		D7AE90151FDD4B8F00836C2D /* LaunchScreen.storyboard in Resources */ = {isa = PBXBuildFile; fileRef = D7AE90131FDD4B8F00836C2D /* LaunchScreen.storyboard */; };
		D7AE90201FDD4B8F00836C2D /* MiniInstagramTests.swift in Sources */ = {isa = PBXBuildFile; fileRef = D7AE901F1FDD4B8F00836C2D /* MiniInstagramTests.swift */; };
		D7AE902B1FDD4B8F00836C2D /* MiniInstagramUITests.swift in Sources */ = {isa = PBXBuildFile; fileRef = D7AE902A1FDD4B8F00836C2D /* MiniInstagramUITests.swift */; };
		D7AE903E1FDD518200836C2D /* WebViewController.swift in Sources */ = {isa = PBXBuildFile; fileRef = D7AE903D1FDD518200836C2D /* WebViewController.swift */; };
		D7AE90401FDD5EDD00836C2D /* LoginViewController.swift in Sources */ = {isa = PBXBuildFile; fileRef = D7AE903F1FDD5EDD00836C2D /* LoginViewController.swift */; };
/* End PBXBuildFile section */

/* Begin PBXContainerItemProxy section */
		D7AE901C1FDD4B8F00836C2D /* PBXContainerItemProxy */ = {
			isa = PBXContainerItemProxy;
			containerPortal = D7AE8FFC1FDD4B8E00836C2D /* Project object */;
			proxyType = 1;
			remoteGlobalIDString = D7AE90031FDD4B8E00836C2D;
			remoteInfo = MiniInstagram;
		};
		D7AE90271FDD4B8F00836C2D /* PBXContainerItemProxy */ = {
			isa = PBXContainerItemProxy;
			containerPortal = D7AE8FFC1FDD4B8E00836C2D /* Project object */;
			proxyType = 1;
			remoteGlobalIDString = D7AE90031FDD4B8E00836C2D;
			remoteInfo = MiniInstagram;
		};
/* End PBXContainerItemProxy section */

/* Begin PBXFileReference section */
		588B8DBBAD06F7F108CBA551 /* Pods-MiniInstagram.debug.xcconfig */ = {isa = PBXFileReference; includeInIndex = 1; lastKnownFileType = text.xcconfig; name = "Pods-MiniInstagram.debug.xcconfig"; path = "Pods/Target Support Files/Pods-MiniInstagram/Pods-MiniInstagram.debug.xcconfig"; sourceTree = "<group>"; };
		5E71FF16923DDC6CFD94FCC6 /* Pods-MiniInstagramUITests.debug.xcconfig */ = {isa = PBXFileReference; includeInIndex = 1; lastKnownFileType = text.xcconfig; name = "Pods-MiniInstagramUITests.debug.xcconfig"; path = "Pods/Target Support Files/Pods-MiniInstagramUITests/Pods-MiniInstagramUITests.debug.xcconfig"; sourceTree = "<group>"; };
		6296A9ED94284EFF6386FC53 /* Pods_MiniInstagramUITests.framework */ = {isa = PBXFileReference; explicitFileType = wrapper.framework; includeInIndex = 0; path = Pods_MiniInstagramUITests.framework; sourceTree = BUILT_PRODUCTS_DIR; };
		683562A7BAB1481A5BAE4B3F /* Pods-MiniInstagramUITests.release.xcconfig */ = {isa = PBXFileReference; includeInIndex = 1; lastKnownFileType = text.xcconfig; name = "Pods-MiniInstagramUITests.release.xcconfig"; path = "Pods/Target Support Files/Pods-MiniInstagramUITests/Pods-MiniInstagramUITests.release.xcconfig"; sourceTree = "<group>"; };
		7C213B93704D32D3BABCE8E2 /* Pods_MiniInstagram.framework */ = {isa = PBXFileReference; explicitFileType = wrapper.framework; includeInIndex = 0; path = Pods_MiniInstagram.framework; sourceTree = BUILT_PRODUCTS_DIR; };
		BE4AFD5CA5E4567CA21E70E0 /* Pods_MiniInstagramTests.framework */ = {isa = PBXFileReference; explicitFileType = wrapper.framework; includeInIndex = 0; path = Pods_MiniInstagramTests.framework; sourceTree = BUILT_PRODUCTS_DIR; };
		D70562FC1FE0B6DB0065417C /* AppCoordinator.swift */ = {isa = PBXFileReference; lastKnownFileType = sourcecode.swift; path = AppCoordinator.swift; sourceTree = "<group>"; };
		D70562FE1FE0B8E90065417C /* LoginLogoutCoordinator.swift */ = {isa = PBXFileReference; lastKnownFileType = sourcecode.swift; path = LoginLogoutCoordinator.swift; sourceTree = "<group>"; };
		D70563011FE0C2D80065417C /* MediaViewController.swift */ = {isa = PBXFileReference; lastKnownFileType = sourcecode.swift; path = MediaViewController.swift; sourceTree = "<group>"; };
		D70563051FE0C8680065417C /* MediaCoordinator.swift */ = {isa = PBXFileReference; lastKnownFileType = sourcecode.swift; path = MediaCoordinator.swift; sourceTree = "<group>"; };
		D70563071FE0D32A0065417C /* Constants.swift */ = {isa = PBXFileReference; lastKnownFileType = sourcecode.swift; path = Constants.swift; sourceTree = "<group>"; };
		D705630A1FE1F2FA0065417C /* UIViewControllerHelper.swift */ = {isa = PBXFileReference; fileEncoding = 4; lastKnownFileType = sourcecode.swift; path = UIViewControllerHelper.swift; sourceTree = "<group>"; };
		D705630F1FE31E490065417C /* Instagram.storyboard */ = {isa = PBXFileReference; lastKnownFileType = file.storyboard; path = Instagram.storyboard; sourceTree = "<group>"; };
		D70563111FE320B10065417C /* LikesViewController.swift */ = {isa = PBXFileReference; lastKnownFileType = sourcecode.swift; path = LikesViewController.swift; sourceTree = "<group>"; };
		D70563131FE321F60065417C /* InstagramTabBarController.swift */ = {isa = PBXFileReference; lastKnownFileType = sourcecode.swift; path = InstagramTabBarController.swift; sourceTree = "<group>"; };
		D70DAE821FE334DD00243783 /* APIProcessor.swift */ = {isa = PBXFileReference; lastKnownFileType = sourcecode.swift; path = APIProcessor.swift; sourceTree = "<group>"; };
		D70DAE841FE3787000243783 /* Media.swift */ = {isa = PBXFileReference; lastKnownFileType = sourcecode.swift; path = Media.swift; sourceTree = "<group>"; };
		D712F3261FE608C80035DF8E /* MediaCell.swift */ = {isa = PBXFileReference; lastKnownFileType = sourcecode.swift; path = MediaCell.swift; sourceTree = "<group>"; };
		D712F3281FE60BE10035DF8E /* placeHolder.png */ = {isa = PBXFileReference; lastKnownFileType = image.png; path = placeHolder.png; sourceTree = "<group>"; };
		D712F32A1FE62DBE0035DF8E /* AlbumContentsViewController.swift */ = {isa = PBXFileReference; lastKnownFileType = sourcecode.swift; path = AlbumContentsViewController.swift; sourceTree = "<group>"; };
		D712F32C1FE639920035DF8E /* ImageHelper.swift */ = {isa = PBXFileReference; lastKnownFileType = sourcecode.swift; path = ImageHelper.swift; sourceTree = "<group>"; };
		D7591C911FE6D94E00FDCAA5 /* videoPlaceHolder.png */ = {isa = PBXFileReference; lastKnownFileType = image.png; path = videoPlaceHolder.png; sourceTree = "<group>"; };
		D7AE90041FDD4B8F00836C2D /* MiniInstagram.app */ = {isa = PBXFileReference; explicitFileType = wrapper.application; includeInIndex = 0; path = MiniInstagram.app; sourceTree = BUILT_PRODUCTS_DIR; };
		D7AE90071FDD4B8F00836C2D /* AppDelegate.swift */ = {isa = PBXFileReference; lastKnownFileType = sourcecode.swift; path = AppDelegate.swift; sourceTree = "<group>"; };
		D7AE900F1FDD4B8F00836C2D /* MiniInstagram.xcdatamodel */ = {isa = PBXFileReference; lastKnownFileType = wrapper.xcdatamodel; path = MiniInstagram.xcdatamodel; sourceTree = "<group>"; };
		D7AE90111FDD4B8F00836C2D /* Assets.xcassets */ = {isa = PBXFileReference; lastKnownFileType = folder.assetcatalog; path = Assets.xcassets; sourceTree = "<group>"; };
		D7AE90141FDD4B8F00836C2D /* Base */ = {isa = PBXFileReference; lastKnownFileType = file.storyboard; name = Base; path = Base.lproj/LaunchScreen.storyboard; sourceTree = "<group>"; };
		D7AE90161FDD4B8F00836C2D /* Info.plist */ = {isa = PBXFileReference; lastKnownFileType = text.plist.xml; path = Info.plist; sourceTree = "<group>"; };
		D7AE901B1FDD4B8F00836C2D /* MiniInstagramTests.xctest */ = {isa = PBXFileReference; explicitFileType = wrapper.cfbundle; includeInIndex = 0; path = MiniInstagramTests.xctest; sourceTree = BUILT_PRODUCTS_DIR; };
		D7AE901F1FDD4B8F00836C2D /* MiniInstagramTests.swift */ = {isa = PBXFileReference; lastKnownFileType = sourcecode.swift; path = MiniInstagramTests.swift; sourceTree = "<group>"; };
		D7AE90211FDD4B8F00836C2D /* Info.plist */ = {isa = PBXFileReference; lastKnownFileType = text.plist.xml; path = Info.plist; sourceTree = "<group>"; };
		D7AE90261FDD4B8F00836C2D /* MiniInstagramUITests.xctest */ = {isa = PBXFileReference; explicitFileType = wrapper.cfbundle; includeInIndex = 0; path = MiniInstagramUITests.xctest; sourceTree = BUILT_PRODUCTS_DIR; };
		D7AE902A1FDD4B8F00836C2D /* MiniInstagramUITests.swift */ = {isa = PBXFileReference; lastKnownFileType = sourcecode.swift; path = MiniInstagramUITests.swift; sourceTree = "<group>"; };
		D7AE902C1FDD4B8F00836C2D /* Info.plist */ = {isa = PBXFileReference; lastKnownFileType = text.plist.xml; path = Info.plist; sourceTree = "<group>"; };
		D7AE903D1FDD518200836C2D /* WebViewController.swift */ = {isa = PBXFileReference; fileEncoding = 4; lastKnownFileType = sourcecode.swift; path = WebViewController.swift; sourceTree = "<group>"; };
		D7AE903F1FDD5EDD00836C2D /* LoginViewController.swift */ = {isa = PBXFileReference; lastKnownFileType = sourcecode.swift; path = LoginViewController.swift; sourceTree = "<group>"; };
		D7C5E1ECE53A8E3802BE8D6F /* Pods-MiniInstagramTests.release.xcconfig */ = {isa = PBXFileReference; includeInIndex = 1; lastKnownFileType = text.xcconfig; name = "Pods-MiniInstagramTests.release.xcconfig"; path = "Pods/Target Support Files/Pods-MiniInstagramTests/Pods-MiniInstagramTests.release.xcconfig"; sourceTree = "<group>"; };
		DB5CA32CFC3B369EED93824B /* Pods-MiniInstagram.release.xcconfig */ = {isa = PBXFileReference; includeInIndex = 1; lastKnownFileType = text.xcconfig; name = "Pods-MiniInstagram.release.xcconfig"; path = "Pods/Target Support Files/Pods-MiniInstagram/Pods-MiniInstagram.release.xcconfig"; sourceTree = "<group>"; };
		F3FE7D1B4733523C82F051C4 /* Pods-MiniInstagramTests.debug.xcconfig */ = {isa = PBXFileReference; includeInIndex = 1; lastKnownFileType = text.xcconfig; name = "Pods-MiniInstagramTests.debug.xcconfig"; path = "Pods/Target Support Files/Pods-MiniInstagramTests/Pods-MiniInstagramTests.debug.xcconfig"; sourceTree = "<group>"; };
/* End PBXFileReference section */

/* Begin PBXFrameworksBuildPhase section */
		D7AE90011FDD4B8E00836C2D /* Frameworks */ = {
			isa = PBXFrameworksBuildPhase;
			buildActionMask = 2147483647;
			files = (
				66FA7CD76E9661267ADC8E29 /* Pods_MiniInstagram.framework in Frameworks */,
			);
			runOnlyForDeploymentPostprocessing = 0;
		};
		D7AE90181FDD4B8F00836C2D /* Frameworks */ = {
			isa = PBXFrameworksBuildPhase;
			buildActionMask = 2147483647;
			files = (
				AD3BBC082F6FC8CFB469CC8E /* Pods_MiniInstagramTests.framework in Frameworks */,
			);
			runOnlyForDeploymentPostprocessing = 0;
		};
		D7AE90231FDD4B8F00836C2D /* Frameworks */ = {
			isa = PBXFrameworksBuildPhase;
			buildActionMask = 2147483647;
			files = (
				D15326FF38DFA8593FE3E1D7 /* Pods_MiniInstagramUITests.framework in Frameworks */,
			);
			runOnlyForDeploymentPostprocessing = 0;
		};
/* End PBXFrameworksBuildPhase section */

/* Begin PBXGroup section */
		BA70FB707B9B3705E83C2234 /* Pods */ = {
			isa = PBXGroup;
			children = (
				588B8DBBAD06F7F108CBA551 /* Pods-MiniInstagram.debug.xcconfig */,
				DB5CA32CFC3B369EED93824B /* Pods-MiniInstagram.release.xcconfig */,
				F3FE7D1B4733523C82F051C4 /* Pods-MiniInstagramTests.debug.xcconfig */,
				D7C5E1ECE53A8E3802BE8D6F /* Pods-MiniInstagramTests.release.xcconfig */,
				5E71FF16923DDC6CFD94FCC6 /* Pods-MiniInstagramUITests.debug.xcconfig */,
				683562A7BAB1481A5BAE4B3F /* Pods-MiniInstagramUITests.release.xcconfig */,
			);
			name = Pods;
			sourceTree = "<group>";
		};
		D70562FB1FE0B6C20065417C /* Coordinators */ = {
			isa = PBXGroup;
			children = (
				D70562FC1FE0B6DB0065417C /* AppCoordinator.swift */,
				D70562FE1FE0B8E90065417C /* LoginLogoutCoordinator.swift */,
				D70563051FE0C8680065417C /* MediaCoordinator.swift */,
			);
			path = Coordinators;
			sourceTree = "<group>";
		};
		D70563001FE0BBBB0065417C /* Login Logout */ = {
			isa = PBXGroup;
			children = (
				D7AE903D1FDD518200836C2D /* WebViewController.swift */,
				D7AE903F1FDD5EDD00836C2D /* LoginViewController.swift */,
			);
			path = "Login Logout";
			sourceTree = "<group>";
		};
		D70563091FE1F2EA0065417C /* Helper Classes */ = {
			isa = PBXGroup;
			children = (
				D705630A1FE1F2FA0065417C /* UIViewControllerHelper.swift */,
				D712F32C1FE639920035DF8E /* ImageHelper.swift */,
			);
			path = "Helper Classes";
			sourceTree = "<group>";
		};
		D70DAE811FE334C500243783 /* Model Files */ = {
			isa = PBXGroup;
			children = (
				D70DAE821FE334DD00243783 /* APIProcessor.swift */,
				D70DAE841FE3787000243783 /* Media.swift */,
			);
			path = "Model Files";
			sourceTree = "<group>";
		};
		D712F3251FE6089D0035DF8E /* MediaVC */ = {
			isa = PBXGroup;
			children = (
				D70563011FE0C2D80065417C /* MediaViewController.swift */,
				D712F3261FE608C80035DF8E /* MediaCell.swift */,
			);
			path = MediaVC;
			sourceTree = "<group>";
		};
		D7AE8FFB1FDD4B8E00836C2D = {
			isa = PBXGroup;
			children = (
				D7AE90061FDD4B8F00836C2D /* MiniInstagram */,
				D7AE901E1FDD4B8F00836C2D /* MiniInstagramTests */,
				D7AE90291FDD4B8F00836C2D /* MiniInstagramUITests */,
				D7AE90051FDD4B8F00836C2D /* Products */,
				BA70FB707B9B3705E83C2234 /* Pods */,
				DAA90BAF3BF19927F36976E1 /* Frameworks */,
			);
			sourceTree = "<group>";
		};
		D7AE90051FDD4B8F00836C2D /* Products */ = {
			isa = PBXGroup;
			children = (
				D7AE90041FDD4B8F00836C2D /* MiniInstagram.app */,
				D7AE901B1FDD4B8F00836C2D /* MiniInstagramTests.xctest */,
				D7AE90261FDD4B8F00836C2D /* MiniInstagramUITests.xctest */,
			);
			name = Products;
			sourceTree = "<group>";
		};
		D7AE90061FDD4B8F00836C2D /* MiniInstagram */ = {
			isa = PBXGroup;
			children = (
				D70563091FE1F2EA0065417C /* Helper Classes */,
				D7AE90071FDD4B8F00836C2D /* AppDelegate.swift */,
				D70562FB1FE0B6C20065417C /* Coordinators */,
				D70DAE811FE334C500243783 /* Model Files */,
				D7AE903C1FDD515F00836C2D /* ViewControllers */,
				D7AE90111FDD4B8F00836C2D /* Assets.xcassets */,
				D712F3281FE60BE10035DF8E /* placeHolder.png */,
				D7591C911FE6D94E00FDCAA5 /* videoPlaceHolder.png */,
				D7AE90161FDD4B8F00836C2D /* Info.plist */,
				D7AE90391FDD4FB500836C2D /* Storyboards */,
				D7AE900E1FDD4B8F00836C2D /* MiniInstagram.xcdatamodeld */,
				D70563071FE0D32A0065417C /* Constants.swift */,
			);
			path = MiniInstagram;
			sourceTree = "<group>";
		};
		D7AE901E1FDD4B8F00836C2D /* MiniInstagramTests */ = {
			isa = PBXGroup;
			children = (
				D7AE901F1FDD4B8F00836C2D /* MiniInstagramTests.swift */,
				D7AE90211FDD4B8F00836C2D /* Info.plist */,
			);
			path = MiniInstagramTests;
			sourceTree = "<group>";
		};
		D7AE90291FDD4B8F00836C2D /* MiniInstagramUITests */ = {
			isa = PBXGroup;
			children = (
				D7AE902A1FDD4B8F00836C2D /* MiniInstagramUITests.swift */,
				D7AE902C1FDD4B8F00836C2D /* Info.plist */,
			);
			path = MiniInstagramUITests;
			sourceTree = "<group>";
		};
		D7AE90391FDD4FB500836C2D /* Storyboards */ = {
			isa = PBXGroup;
			children = (
				D7AE90131FDD4B8F00836C2D /* LaunchScreen.storyboard */,
				D705630F1FE31E490065417C /* Instagram.storyboard */,
			);
			path = Storyboards;
			sourceTree = "<group>";
		};
		D7AE903C1FDD515F00836C2D /* ViewControllers */ = {
			isa = PBXGroup;
			children = (
				D712F3251FE6089D0035DF8E /* MediaVC */,
				D70563131FE321F60065417C /* InstagramTabBarController.swift */,
				D70563001FE0BBBB0065417C /* Login Logout */,
				D70563111FE320B10065417C /* LikesViewController.swift */,
				D712F32A1FE62DBE0035DF8E /* AlbumContentsViewController.swift */,
			);
			path = ViewControllers;
			sourceTree = "<group>";
		};
		DAA90BAF3BF19927F36976E1 /* Frameworks */ = {
			isa = PBXGroup;
			children = (
				7C213B93704D32D3BABCE8E2 /* Pods_MiniInstagram.framework */,
				BE4AFD5CA5E4567CA21E70E0 /* Pods_MiniInstagramTests.framework */,
				6296A9ED94284EFF6386FC53 /* Pods_MiniInstagramUITests.framework */,
			);
			name = Frameworks;
			sourceTree = "<group>";
		};
/* End PBXGroup section */

/* Begin PBXNativeTarget section */
		D7AE90031FDD4B8E00836C2D /* MiniInstagram */ = {
			isa = PBXNativeTarget;
			buildConfigurationList = D7AE902F1FDD4B8F00836C2D /* Build configuration list for PBXNativeTarget "MiniInstagram" */;
			buildPhases = (
				15EA7B1E9664AB24355B0543 /* [CP] Check Pods Manifest.lock */,
				D7AE90001FDD4B8E00836C2D /* Sources */,
				D7AE90011FDD4B8E00836C2D /* Frameworks */,
				D7AE90021FDD4B8E00836C2D /* Resources */,
				69BDE981DB8B61C3FFAC9129 /* [CP] Embed Pods Frameworks */,
				99BBF153F11A78713642470B /* [CP] Copy Pods Resources */,
			);
			buildRules = (
			);
			dependencies = (
			);
			name = MiniInstagram;
			productName = MiniInstagram;
			productReference = D7AE90041FDD4B8F00836C2D /* MiniInstagram.app */;
			productType = "com.apple.product-type.application";
		};
		D7AE901A1FDD4B8F00836C2D /* MiniInstagramTests */ = {
			isa = PBXNativeTarget;
			buildConfigurationList = D7AE90321FDD4B8F00836C2D /* Build configuration list for PBXNativeTarget "MiniInstagramTests" */;
			buildPhases = (
				8BA6A242C0FAA76345C21590 /* [CP] Check Pods Manifest.lock */,
				D7AE90171FDD4B8F00836C2D /* Sources */,
				D7AE90181FDD4B8F00836C2D /* Frameworks */,
				D7AE90191FDD4B8F00836C2D /* Resources */,
				6297064C2582814A2C9E3DC2 /* [CP] Embed Pods Frameworks */,
				D48902AAEE6A95EB39C281F3 /* [CP] Copy Pods Resources */,
			);
			buildRules = (
			);
			dependencies = (
				D7AE901D1FDD4B8F00836C2D /* PBXTargetDependency */,
			);
			name = MiniInstagramTests;
			productName = MiniInstagramTests;
			productReference = D7AE901B1FDD4B8F00836C2D /* MiniInstagramTests.xctest */;
			productType = "com.apple.product-type.bundle.unit-test";
		};
		D7AE90251FDD4B8F00836C2D /* MiniInstagramUITests */ = {
			isa = PBXNativeTarget;
			buildConfigurationList = D7AE90351FDD4B8F00836C2D /* Build configuration list for PBXNativeTarget "MiniInstagramUITests" */;
			buildPhases = (
				47F03BC542B8F4DAE022E415 /* [CP] Check Pods Manifest.lock */,
				D7AE90221FDD4B8F00836C2D /* Sources */,
				D7AE90231FDD4B8F00836C2D /* Frameworks */,
				D7AE90241FDD4B8F00836C2D /* Resources */,
				37F873FE7B96C3B78E81E1F3 /* [CP] Embed Pods Frameworks */,
				3B7D83DF4F4A7DD994258B71 /* [CP] Copy Pods Resources */,
			);
			buildRules = (
			);
			dependencies = (
				D7AE90281FDD4B8F00836C2D /* PBXTargetDependency */,
			);
			name = MiniInstagramUITests;
			productName = MiniInstagramUITests;
			productReference = D7AE90261FDD4B8F00836C2D /* MiniInstagramUITests.xctest */;
			productType = "com.apple.product-type.bundle.ui-testing";
		};
/* End PBXNativeTarget section */

/* Begin PBXProject section */
		D7AE8FFC1FDD4B8E00836C2D /* Project object */ = {
			isa = PBXProject;
			attributes = {
				LastSwiftUpdateCheck = 0900;
				LastUpgradeCheck = 0900;
				ORGANIZATIONNAME = "Renu Punjabi";
				TargetAttributes = {
					D7AE90031FDD4B8E00836C2D = {
						CreatedOnToolsVersion = 9.0.1;
						ProvisioningStyle = Automatic;
					};
					D7AE901A1FDD4B8F00836C2D = {
						CreatedOnToolsVersion = 9.0.1;
						ProvisioningStyle = Automatic;
						TestTargetID = D7AE90031FDD4B8E00836C2D;
					};
					D7AE90251FDD4B8F00836C2D = {
						CreatedOnToolsVersion = 9.0.1;
						ProvisioningStyle = Automatic;
						TestTargetID = D7AE90031FDD4B8E00836C2D;
					};
				};
			};
			buildConfigurationList = D7AE8FFF1FDD4B8E00836C2D /* Build configuration list for PBXProject "MiniInstagram" */;
			compatibilityVersion = "Xcode 8.0";
			developmentRegion = en;
			hasScannedForEncodings = 0;
			knownRegions = (
				en,
				Base,
			);
			mainGroup = D7AE8FFB1FDD4B8E00836C2D;
			productRefGroup = D7AE90051FDD4B8F00836C2D /* Products */;
			projectDirPath = "";
			projectRoot = "";
			targets = (
				D7AE90031FDD4B8E00836C2D /* MiniInstagram */,
				D7AE901A1FDD4B8F00836C2D /* MiniInstagramTests */,
				D7AE90251FDD4B8F00836C2D /* MiniInstagramUITests */,
			);
		};
/* End PBXProject section */

/* Begin PBXResourcesBuildPhase section */
		D7AE90021FDD4B8E00836C2D /* Resources */ = {
			isa = PBXResourcesBuildPhase;
			buildActionMask = 2147483647;
			files = (
				D7591C921FE6D94F00FDCAA5 /* videoPlaceHolder.png in Resources */,
				D7AE90151FDD4B8F00836C2D /* LaunchScreen.storyboard in Resources */,
				D712F3291FE60BE10035DF8E /* placeHolder.png in Resources */,
				D7AE90121FDD4B8F00836C2D /* Assets.xcassets in Resources */,
				D70563101FE31E490065417C /* Instagram.storyboard in Resources */,
			);
			runOnlyForDeploymentPostprocessing = 0;
		};
		D7AE90191FDD4B8F00836C2D /* Resources */ = {
			isa = PBXResourcesBuildPhase;
			buildActionMask = 2147483647;
			files = (
			);
			runOnlyForDeploymentPostprocessing = 0;
		};
		D7AE90241FDD4B8F00836C2D /* Resources */ = {
			isa = PBXResourcesBuildPhase;
			buildActionMask = 2147483647;
			files = (
			);
			runOnlyForDeploymentPostprocessing = 0;
		};
/* End PBXResourcesBuildPhase section */

/* Begin PBXShellScriptBuildPhase section */
		15EA7B1E9664AB24355B0543 /* [CP] Check Pods Manifest.lock */ = {
			isa = PBXShellScriptBuildPhase;
			buildActionMask = 2147483647;
			files = (
			);
			inputPaths = (
				"${PODS_PODFILE_DIR_PATH}/Podfile.lock",
				"${PODS_ROOT}/Manifest.lock",
			);
			name = "[CP] Check Pods Manifest.lock";
			outputPaths = (
				"$(DERIVED_FILE_DIR)/Pods-MiniInstagram-checkManifestLockResult.txt",
			);
			runOnlyForDeploymentPostprocessing = 0;
			shellPath = /bin/sh;
			shellScript = "diff \"${PODS_PODFILE_DIR_PATH}/Podfile.lock\" \"${PODS_ROOT}/Manifest.lock\" > /dev/null\nif [ $? != 0 ] ; then\n    # print error to STDERR\n    echo \"error: The sandbox is not in sync with the Podfile.lock. Run 'pod install' or update your CocoaPods installation.\" >&2\n    exit 1\nfi\n# This output is used by Xcode 'outputs' to avoid re-running this script phase.\necho \"SUCCESS\" > \"${SCRIPT_OUTPUT_FILE_0}\"\n";
			showEnvVarsInLog = 0;
		};
		37F873FE7B96C3B78E81E1F3 /* [CP] Embed Pods Frameworks */ = {
			isa = PBXShellScriptBuildPhase;
			buildActionMask = 2147483647;
			files = (
			);
			inputPaths = (
			);
			name = "[CP] Embed Pods Frameworks";
			outputPaths = (
			);
			runOnlyForDeploymentPostprocessing = 0;
			shellPath = /bin/sh;
			shellScript = "\"${SRCROOT}/Pods/Target Support Files/Pods-MiniInstagramUITests/Pods-MiniInstagramUITests-frameworks.sh\"\n";
			showEnvVarsInLog = 0;
		};
		3B7D83DF4F4A7DD994258B71 /* [CP] Copy Pods Resources */ = {
			isa = PBXShellScriptBuildPhase;
			buildActionMask = 2147483647;
			files = (
			);
			inputPaths = (
			);
			name = "[CP] Copy Pods Resources";
			outputPaths = (
			);
			runOnlyForDeploymentPostprocessing = 0;
			shellPath = /bin/sh;
			shellScript = "\"${SRCROOT}/Pods/Target Support Files/Pods-MiniInstagramUITests/Pods-MiniInstagramUITests-resources.sh\"\n";
			showEnvVarsInLog = 0;
		};
		47F03BC542B8F4DAE022E415 /* [CP] Check Pods Manifest.lock */ = {
			isa = PBXShellScriptBuildPhase;
			buildActionMask = 2147483647;
			files = (
			);
			inputPaths = (
				"${PODS_PODFILE_DIR_PATH}/Podfile.lock",
				"${PODS_ROOT}/Manifest.lock",
			);
			name = "[CP] Check Pods Manifest.lock";
			outputPaths = (
				"$(DERIVED_FILE_DIR)/Pods-MiniInstagramUITests-checkManifestLockResult.txt",
			);
			runOnlyForDeploymentPostprocessing = 0;
			shellPath = /bin/sh;
			shellScript = "diff \"${PODS_PODFILE_DIR_PATH}/Podfile.lock\" \"${PODS_ROOT}/Manifest.lock\" > /dev/null\nif [ $? != 0 ] ; then\n    # print error to STDERR\n    echo \"error: The sandbox is not in sync with the Podfile.lock. Run 'pod install' or update your CocoaPods installation.\" >&2\n    exit 1\nfi\n# This output is used by Xcode 'outputs' to avoid re-running this script phase.\necho \"SUCCESS\" > \"${SCRIPT_OUTPUT_FILE_0}\"\n";
			showEnvVarsInLog = 0;
		};
		6297064C2582814A2C9E3DC2 /* [CP] Embed Pods Frameworks */ = {
			isa = PBXShellScriptBuildPhase;
			buildActionMask = 2147483647;
			files = (
			);
			inputPaths = (
			);
			name = "[CP] Embed Pods Frameworks";
			outputPaths = (
			);
			runOnlyForDeploymentPostprocessing = 0;
			shellPath = /bin/sh;
			shellScript = "\"${SRCROOT}/Pods/Target Support Files/Pods-MiniInstagramTests/Pods-MiniInstagramTests-frameworks.sh\"\n";
			showEnvVarsInLog = 0;
		};
		69BDE981DB8B61C3FFAC9129 /* [CP] Embed Pods Frameworks */ = {
			isa = PBXShellScriptBuildPhase;
			buildActionMask = 2147483647;
			files = (
			);
			inputPaths = (
				"${SRCROOT}/Pods/Target Support Files/Pods-MiniInstagram/Pods-MiniInstagram-frameworks.sh",
				"${BUILT_PRODUCTS_DIR}/Alamofire/Alamofire.framework",
				"${BUILT_PRODUCTS_DIR}/AlamofireImage/AlamofireImage.framework",
				"${BUILT_PRODUCTS_DIR}/KeychainSwift/KeychainSwift.framework",
				"${BUILT_PRODUCTS_DIR}/OAuthSwift/OAuthSwift.framework",
				"${BUILT_PRODUCTS_DIR}/SwiftyJSON/SwiftyJSON.framework",
			);
			name = "[CP] Embed Pods Frameworks";
			outputPaths = (
				"${TARGET_BUILD_DIR}/${FRAMEWORKS_FOLDER_PATH}/Alamofire.framework",
				"${TARGET_BUILD_DIR}/${FRAMEWORKS_FOLDER_PATH}/AlamofireImage.framework",
				"${TARGET_BUILD_DIR}/${FRAMEWORKS_FOLDER_PATH}/KeychainSwift.framework",
				"${TARGET_BUILD_DIR}/${FRAMEWORKS_FOLDER_PATH}/OAuthSwift.framework",
				"${TARGET_BUILD_DIR}/${FRAMEWORKS_FOLDER_PATH}/SwiftyJSON.framework",
			);
			runOnlyForDeploymentPostprocessing = 0;
			shellPath = /bin/sh;
			shellScript = "\"${SRCROOT}/Pods/Target Support Files/Pods-MiniInstagram/Pods-MiniInstagram-frameworks.sh\"\n";
			showEnvVarsInLog = 0;
		};
		8BA6A242C0FAA76345C21590 /* [CP] Check Pods Manifest.lock */ = {
			isa = PBXShellScriptBuildPhase;
			buildActionMask = 2147483647;
			files = (
			);
			inputPaths = (
				"${PODS_PODFILE_DIR_PATH}/Podfile.lock",
				"${PODS_ROOT}/Manifest.lock",
			);
			name = "[CP] Check Pods Manifest.lock";
			outputPaths = (
				"$(DERIVED_FILE_DIR)/Pods-MiniInstagramTests-checkManifestLockResult.txt",
			);
			runOnlyForDeploymentPostprocessing = 0;
			shellPath = /bin/sh;
			shellScript = "diff \"${PODS_PODFILE_DIR_PATH}/Podfile.lock\" \"${PODS_ROOT}/Manifest.lock\" > /dev/null\nif [ $? != 0 ] ; then\n    # print error to STDERR\n    echo \"error: The sandbox is not in sync with the Podfile.lock. Run 'pod install' or update your CocoaPods installation.\" >&2\n    exit 1\nfi\n# This output is used by Xcode 'outputs' to avoid re-running this script phase.\necho \"SUCCESS\" > \"${SCRIPT_OUTPUT_FILE_0}\"\n";
			showEnvVarsInLog = 0;
		};
		99BBF153F11A78713642470B /* [CP] Copy Pods Resources */ = {
			isa = PBXShellScriptBuildPhase;
			buildActionMask = 2147483647;
			files = (
			);
			inputPaths = (
			);
			name = "[CP] Copy Pods Resources";
			outputPaths = (
			);
			runOnlyForDeploymentPostprocessing = 0;
			shellPath = /bin/sh;
			shellScript = "\"${SRCROOT}/Pods/Target Support Files/Pods-MiniInstagram/Pods-MiniInstagram-resources.sh\"\n";
			showEnvVarsInLog = 0;
		};
		D48902AAEE6A95EB39C281F3 /* [CP] Copy Pods Resources */ = {
			isa = PBXShellScriptBuildPhase;
			buildActionMask = 2147483647;
			files = (
			);
			inputPaths = (
			);
			name = "[CP] Copy Pods Resources";
			outputPaths = (
			);
			runOnlyForDeploymentPostprocessing = 0;
			shellPath = /bin/sh;
			shellScript = "\"${SRCROOT}/Pods/Target Support Files/Pods-MiniInstagramTests/Pods-MiniInstagramTests-resources.sh\"\n";
			showEnvVarsInLog = 0;
		};
/* End PBXShellScriptBuildPhase section */

/* Begin PBXSourcesBuildPhase section */
		D7AE90001FDD4B8E00836C2D /* Sources */ = {
			isa = PBXSourcesBuildPhase;
			buildActionMask = 2147483647;
			files = (
				D70563121FE320B10065417C /* LikesViewController.swift in Sources */,
				D7AE90401FDD5EDD00836C2D /* LoginViewController.swift in Sources */,
				D70DAE851FE3787000243783 /* Media.swift in Sources */,
				D7AE90081FDD4B8F00836C2D /* AppDelegate.swift in Sources */,
				D705630B1FE1F2FA0065417C /* UIViewControllerHelper.swift in Sources */,
				D70562FF1FE0B8E90065417C /* LoginLogoutCoordinator.swift in Sources */,
				D70562FD1FE0B6DB0065417C /* AppCoordinator.swift in Sources */,
				D712F3271FE608C80035DF8E /* MediaCell.swift in Sources */,
				D70563021FE0C2D80065417C /* MediaViewController.swift in Sources */,
				D70563141FE321F60065417C /* InstagramTabBarController.swift in Sources */,
				D70DAE831FE334DD00243783 /* APIProcessor.swift in Sources */,
				D70563061FE0C8680065417C /* MediaCoordinator.swift in Sources */,
				D7AE90101FDD4B8F00836C2D /* MiniInstagram.xcdatamodeld in Sources */,
				D7AE903E1FDD518200836C2D /* WebViewController.swift in Sources */,
				D712F32B1FE62DBE0035DF8E /* AlbumContentsViewController.swift in Sources */,
				D70563081FE0D32A0065417C /* Constants.swift in Sources */,
				D712F32D1FE639920035DF8E /* ImageHelper.swift in Sources */,
			);
			runOnlyForDeploymentPostprocessing = 0;
		};
		D7AE90171FDD4B8F00836C2D /* Sources */ = {
			isa = PBXSourcesBuildPhase;
			buildActionMask = 2147483647;
			files = (
				D7AE90201FDD4B8F00836C2D /* MiniInstagramTests.swift in Sources */,
			);
			runOnlyForDeploymentPostprocessing = 0;
		};
		D7AE90221FDD4B8F00836C2D /* Sources */ = {
			isa = PBXSourcesBuildPhase;
			buildActionMask = 2147483647;
			files = (
				D7AE902B1FDD4B8F00836C2D /* MiniInstagramUITests.swift in Sources */,
			);
			runOnlyForDeploymentPostprocessing = 0;
		};
/* End PBXSourcesBuildPhase section */

/* Begin PBXTargetDependency section */
		D7AE901D1FDD4B8F00836C2D /* PBXTargetDependency */ = {
			isa = PBXTargetDependency;
			target = D7AE90031FDD4B8E00836C2D /* MiniInstagram */;
			targetProxy = D7AE901C1FDD4B8F00836C2D /* PBXContainerItemProxy */;
		};
		D7AE90281FDD4B8F00836C2D /* PBXTargetDependency */ = {
			isa = PBXTargetDependency;
			target = D7AE90031FDD4B8E00836C2D /* MiniInstagram */;
			targetProxy = D7AE90271FDD4B8F00836C2D /* PBXContainerItemProxy */;
		};
/* End PBXTargetDependency section */

/* Begin PBXVariantGroup section */
		D7AE90131FDD4B8F00836C2D /* LaunchScreen.storyboard */ = {
			isa = PBXVariantGroup;
			children = (
				D7AE90141FDD4B8F00836C2D /* Base */,
			);
			name = LaunchScreen.storyboard;
			sourceTree = "<group>";
		};
/* End PBXVariantGroup section */

/* Begin XCBuildConfiguration section */
		D7AE902D1FDD4B8F00836C2D /* Debug */ = {
			isa = XCBuildConfiguration;
			buildSettings = {
				ALWAYS_SEARCH_USER_PATHS = NO;
				CLANG_ANALYZER_NONNULL = YES;
				CLANG_ANALYZER_NUMBER_OBJECT_CONVERSION = YES_AGGRESSIVE;
				CLANG_CXX_LANGUAGE_STANDARD = "gnu++14";
				CLANG_CXX_LIBRARY = "libc++";
				CLANG_ENABLE_MODULES = YES;
				CLANG_ENABLE_OBJC_ARC = YES;
				CLANG_WARN_BLOCK_CAPTURE_AUTORELEASING = YES;
				CLANG_WARN_BOOL_CONVERSION = YES;
				CLANG_WARN_COMMA = YES;
				CLANG_WARN_CONSTANT_CONVERSION = YES;
				CLANG_WARN_DIRECT_OBJC_ISA_USAGE = YES_ERROR;
				CLANG_WARN_DOCUMENTATION_COMMENTS = YES;
				CLANG_WARN_EMPTY_BODY = YES;
				CLANG_WARN_ENUM_CONVERSION = YES;
				CLANG_WARN_INFINITE_RECURSION = YES;
				CLANG_WARN_INT_CONVERSION = YES;
				CLANG_WARN_NON_LITERAL_NULL_CONVERSION = YES;
				CLANG_WARN_OBJC_LITERAL_CONVERSION = YES;
				CLANG_WARN_OBJC_ROOT_CLASS = YES_ERROR;
				CLANG_WARN_RANGE_LOOP_ANALYSIS = YES;
				CLANG_WARN_STRICT_PROTOTYPES = YES;
				CLANG_WARN_SUSPICIOUS_MOVE = YES;
				CLANG_WARN_UNGUARDED_AVAILABILITY = YES_AGGRESSIVE;
				CLANG_WARN_UNREACHABLE_CODE = YES;
				CLANG_WARN__DUPLICATE_METHOD_MATCH = YES;
				CODE_SIGN_IDENTITY = "iPhone Developer";
				COPY_PHASE_STRIP = NO;
				DEBUG_INFORMATION_FORMAT = dwarf;
				ENABLE_STRICT_OBJC_MSGSEND = YES;
				ENABLE_TESTABILITY = YES;
				GCC_C_LANGUAGE_STANDARD = gnu11;
				GCC_DYNAMIC_NO_PIC = NO;
				GCC_NO_COMMON_BLOCKS = YES;
				GCC_OPTIMIZATION_LEVEL = 0;
				GCC_PREPROCESSOR_DEFINITIONS = (
					"DEBUG=1",
					"$(inherited)",
				);
				GCC_WARN_64_TO_32_BIT_CONVERSION = YES;
				GCC_WARN_ABOUT_RETURN_TYPE = YES_ERROR;
				GCC_WARN_UNDECLARED_SELECTOR = YES;
				GCC_WARN_UNINITIALIZED_AUTOS = YES_AGGRESSIVE;
				GCC_WARN_UNUSED_FUNCTION = YES;
				GCC_WARN_UNUSED_VARIABLE = YES;
				IPHONEOS_DEPLOYMENT_TARGET = 11.0;
				MTL_ENABLE_DEBUG_INFO = YES;
				ONLY_ACTIVE_ARCH = YES;
				SDKROOT = iphoneos;
				SWIFT_ACTIVE_COMPILATION_CONDITIONS = DEBUG;
				SWIFT_OPTIMIZATION_LEVEL = "-Onone";
			};
			name = Debug;
		};
		D7AE902E1FDD4B8F00836C2D /* Release */ = {
			isa = XCBuildConfiguration;
			buildSettings = {
				ALWAYS_SEARCH_USER_PATHS = NO;
				CLANG_ANALYZER_NONNULL = YES;
				CLANG_ANALYZER_NUMBER_OBJECT_CONVERSION = YES_AGGRESSIVE;
				CLANG_CXX_LANGUAGE_STANDARD = "gnu++14";
				CLANG_CXX_LIBRARY = "libc++";
				CLANG_ENABLE_MODULES = YES;
				CLANG_ENABLE_OBJC_ARC = YES;
				CLANG_WARN_BLOCK_CAPTURE_AUTORELEASING = YES;
				CLANG_WARN_BOOL_CONVERSION = YES;
				CLANG_WARN_COMMA = YES;
				CLANG_WARN_CONSTANT_CONVERSION = YES;
				CLANG_WARN_DIRECT_OBJC_ISA_USAGE = YES_ERROR;
				CLANG_WARN_DOCUMENTATION_COMMENTS = YES;
				CLANG_WARN_EMPTY_BODY = YES;
				CLANG_WARN_ENUM_CONVERSION = YES;
				CLANG_WARN_INFINITE_RECURSION = YES;
				CLANG_WARN_INT_CONVERSION = YES;
				CLANG_WARN_NON_LITERAL_NULL_CONVERSION = YES;
				CLANG_WARN_OBJC_LITERAL_CONVERSION = YES;
				CLANG_WARN_OBJC_ROOT_CLASS = YES_ERROR;
				CLANG_WARN_RANGE_LOOP_ANALYSIS = YES;
				CLANG_WARN_STRICT_PROTOTYPES = YES;
				CLANG_WARN_SUSPICIOUS_MOVE = YES;
				CLANG_WARN_UNGUARDED_AVAILABILITY = YES_AGGRESSIVE;
				CLANG_WARN_UNREACHABLE_CODE = YES;
				CLANG_WARN__DUPLICATE_METHOD_MATCH = YES;
				CODE_SIGN_IDENTITY = "iPhone Developer";
				COPY_PHASE_STRIP = NO;
				DEBUG_INFORMATION_FORMAT = "dwarf-with-dsym";
				ENABLE_NS_ASSERTIONS = NO;
				ENABLE_STRICT_OBJC_MSGSEND = YES;
				GCC_C_LANGUAGE_STANDARD = gnu11;
				GCC_NO_COMMON_BLOCKS = YES;
				GCC_WARN_64_TO_32_BIT_CONVERSION = YES;
				GCC_WARN_ABOUT_RETURN_TYPE = YES_ERROR;
				GCC_WARN_UNDECLARED_SELECTOR = YES;
				GCC_WARN_UNINITIALIZED_AUTOS = YES_AGGRESSIVE;
				GCC_WARN_UNUSED_FUNCTION = YES;
				GCC_WARN_UNUSED_VARIABLE = YES;
				IPHONEOS_DEPLOYMENT_TARGET = 11.0;
				MTL_ENABLE_DEBUG_INFO = NO;
				SDKROOT = iphoneos;
				SWIFT_OPTIMIZATION_LEVEL = "-Owholemodule";
				VALIDATE_PRODUCT = YES;
			};
			name = Release;
		};
		D7AE90301FDD4B8F00836C2D /* Debug */ = {
			isa = XCBuildConfiguration;
			baseConfigurationReference = 588B8DBBAD06F7F108CBA551 /* Pods-MiniInstagram.debug.xcconfig */;
			buildSettings = {
				ASSETCATALOG_COMPILER_APPICON_NAME = AppIcon;
				CODE_SIGN_STYLE = Automatic;
				DEVELOPMENT_TEAM = F9SPFQ3WCK;
				INFOPLIST_FILE = MiniInstagram/Info.plist;
				LD_RUNPATH_SEARCH_PATHS = "$(inherited) @executable_path/Frameworks";
				PRODUCT_BUNDLE_IDENTIFIER = com.cocoateam.MiniInstagram;
				PRODUCT_NAME = "$(TARGET_NAME)";
				SWIFT_VERSION = 4.0;
				TARGETED_DEVICE_FAMILY = "1,2";
			};
			name = Debug;
		};
		D7AE90311FDD4B8F00836C2D /* Release */ = {
			isa = XCBuildConfiguration;
			baseConfigurationReference = DB5CA32CFC3B369EED93824B /* Pods-MiniInstagram.release.xcconfig */;
			buildSettings = {
				ASSETCATALOG_COMPILER_APPICON_NAME = AppIcon;
				CODE_SIGN_STYLE = Automatic;
				DEVELOPMENT_TEAM = F9SPFQ3WCK;
				INFOPLIST_FILE = MiniInstagram/Info.plist;
				LD_RUNPATH_SEARCH_PATHS = "$(inherited) @executable_path/Frameworks";
				PRODUCT_BUNDLE_IDENTIFIER = com.cocoateam.MiniInstagram;
				PRODUCT_NAME = "$(TARGET_NAME)";
				SWIFT_VERSION = 4.0;
				TARGETED_DEVICE_FAMILY = "1,2";
			};
			name = Release;
		};
		D7AE90331FDD4B8F00836C2D /* Debug */ = {
			isa = XCBuildConfiguration;
			baseConfigurationReference = F3FE7D1B4733523C82F051C4 /* Pods-MiniInstagramTests.debug.xcconfig */;
			buildSettings = {
				ALWAYS_EMBED_SWIFT_STANDARD_LIBRARIES = YES;
				BUNDLE_LOADER = "$(TEST_HOST)";
				CODE_SIGN_STYLE = Automatic;
				DEVELOPMENT_TEAM = F9SPFQ3WCK;
				INFOPLIST_FILE = MiniInstagramTests/Info.plist;
				LD_RUNPATH_SEARCH_PATHS = "$(inherited) @executable_path/Frameworks @loader_path/Frameworks";
				PRODUCT_BUNDLE_IDENTIFIER = com.cocoateam.MiniInstagramTests;
				PRODUCT_NAME = "$(TARGET_NAME)";
				SWIFT_VERSION = 4.0;
				TARGETED_DEVICE_FAMILY = "1,2";
				TEST_HOST = "$(BUILT_PRODUCTS_DIR)/MiniInstagram.app/MiniInstagram";
			};
			name = Debug;
		};
		D7AE90341FDD4B8F00836C2D /* Release */ = {
			isa = XCBuildConfiguration;
			baseConfigurationReference = D7C5E1ECE53A8E3802BE8D6F /* Pods-MiniInstagramTests.release.xcconfig */;
			buildSettings = {
				ALWAYS_EMBED_SWIFT_STANDARD_LIBRARIES = YES;
				BUNDLE_LOADER = "$(TEST_HOST)";
				CODE_SIGN_STYLE = Automatic;
				DEVELOPMENT_TEAM = F9SPFQ3WCK;
				INFOPLIST_FILE = MiniInstagramTests/Info.plist;
				LD_RUNPATH_SEARCH_PATHS = "$(inherited) @executable_path/Frameworks @loader_path/Frameworks";
				PRODUCT_BUNDLE_IDENTIFIER = com.cocoateam.MiniInstagramTests;
				PRODUCT_NAME = "$(TARGET_NAME)";
				SWIFT_VERSION = 4.0;
				TARGETED_DEVICE_FAMILY = "1,2";
				TEST_HOST = "$(BUILT_PRODUCTS_DIR)/MiniInstagram.app/MiniInstagram";
			};
			name = Release;
		};
		D7AE90361FDD4B8F00836C2D /* Debug */ = {
			isa = XCBuildConfiguration;
			baseConfigurationReference = 5E71FF16923DDC6CFD94FCC6 /* Pods-MiniInstagramUITests.debug.xcconfig */;
			buildSettings = {
				ALWAYS_EMBED_SWIFT_STANDARD_LIBRARIES = YES;
				CODE_SIGN_STYLE = Automatic;
				DEVELOPMENT_TEAM = F9SPFQ3WCK;
				INFOPLIST_FILE = MiniInstagramUITests/Info.plist;
				LD_RUNPATH_SEARCH_PATHS = "$(inherited) @executable_path/Frameworks @loader_path/Frameworks";
				PRODUCT_BUNDLE_IDENTIFIER = com.cocoateam.MiniInstagramUITests;
				PRODUCT_NAME = "$(TARGET_NAME)";
				SWIFT_VERSION = 4.0;
				TARGETED_DEVICE_FAMILY = "1,2";
				TEST_TARGET_NAME = MiniInstagram;
			};
			name = Debug;
		};
		D7AE90371FDD4B8F00836C2D /* Release */ = {
			isa = XCBuildConfiguration;
			baseConfigurationReference = 683562A7BAB1481A5BAE4B3F /* Pods-MiniInstagramUITests.release.xcconfig */;
			buildSettings = {
				ALWAYS_EMBED_SWIFT_STANDARD_LIBRARIES = YES;
				CODE_SIGN_STYLE = Automatic;
				DEVELOPMENT_TEAM = F9SPFQ3WCK;
				INFOPLIST_FILE = MiniInstagramUITests/Info.plist;
				LD_RUNPATH_SEARCH_PATHS = "$(inherited) @executable_path/Frameworks @loader_path/Frameworks";
				PRODUCT_BUNDLE_IDENTIFIER = com.cocoateam.MiniInstagramUITests;
				PRODUCT_NAME = "$(TARGET_NAME)";
				SWIFT_VERSION = 4.0;
				TARGETED_DEVICE_FAMILY = "1,2";
				TEST_TARGET_NAME = MiniInstagram;
			};
			name = Release;
		};
/* End XCBuildConfiguration section */

/* Begin XCConfigurationList section */
		D7AE8FFF1FDD4B8E00836C2D /* Build configuration list for PBXProject "MiniInstagram" */ = {
			isa = XCConfigurationList;
			buildConfigurations = (
				D7AE902D1FDD4B8F00836C2D /* Debug */,
				D7AE902E1FDD4B8F00836C2D /* Release */,
			);
			defaultConfigurationIsVisible = 0;
			defaultConfigurationName = Release;
		};
		D7AE902F1FDD4B8F00836C2D /* Build configuration list for PBXNativeTarget "MiniInstagram" */ = {
			isa = XCConfigurationList;
			buildConfigurations = (
				D7AE90301FDD4B8F00836C2D /* Debug */,
				D7AE90311FDD4B8F00836C2D /* Release */,
			);
			defaultConfigurationIsVisible = 0;
			defaultConfigurationName = Release;
		};
		D7AE90321FDD4B8F00836C2D /* Build configuration list for PBXNativeTarget "MiniInstagramTests" */ = {
			isa = XCConfigurationList;
			buildConfigurations = (
				D7AE90331FDD4B8F00836C2D /* Debug */,
				D7AE90341FDD4B8F00836C2D /* Release */,
			);
			defaultConfigurationIsVisible = 0;
			defaultConfigurationName = Release;
		};
		D7AE90351FDD4B8F00836C2D /* Build configuration list for PBXNativeTarget "MiniInstagramUITests" */ = {
			isa = XCConfigurationList;
			buildConfigurations = (
				D7AE90361FDD4B8F00836C2D /* Debug */,
				D7AE90371FDD4B8F00836C2D /* Release */,
			);
			defaultConfigurationIsVisible = 0;
			defaultConfigurationName = Release;
		};
/* End XCConfigurationList section */

/* Begin XCVersionGroup section */
		D7AE900E1FDD4B8F00836C2D /* MiniInstagram.xcdatamodeld */ = {
			isa = XCVersionGroup;
			children = (
				D7AE900F1FDD4B8F00836C2D /* MiniInstagram.xcdatamodel */,
			);
			currentVersion = D7AE900F1FDD4B8F00836C2D /* MiniInstagram.xcdatamodel */;
			path = MiniInstagram.xcdatamodeld;
			sourceTree = "<group>";
			versionGroupType = wrapper.xcdatamodel;
		};
/* End XCVersionGroup section */
	};
	rootObject = D7AE8FFC1FDD4B8E00836C2D /* Project object */;
}
